# THIS IS AN AUTOGENERATED FILE. DO NOT EDIT THIS FILE DIRECTLY.
# yarn lockfile v1


"@types/lodash@4.14.180":
  version "4.14.180"
  resolved "https://registry.yarnpkg.com/@types/lodash/-/lodash-4.14.180.tgz#4ab7c9ddfc92ec4a887886483bc14c79fb380670"
  integrity sha512-XOKXa1KIxtNXgASAnwj7cnttJxS4fksBRywK/9LzRV5YxrF80BXZIGeQSuoESQ/VkUj30Ae0+YcuHc15wJCB2g==

"@types/node@14.14.44":
  version "14.14.44"
  resolved "https://registry.yarnpkg.com/@types/node/-/node-14.14.44.tgz#df7503e6002847b834371c004b372529f3f85215"
  integrity sha512-+gaugz6Oce6ZInfI/tK4Pq5wIIkJMEJUu92RB3Eu93mtj4wjjjz9EB5mLp5s1pSsLXdC/CPut/xF20ZzAQJbTA==
